
Microsoft Visual Studio Solution File, Format Version 12.00
# Visual Studio 15
VisualStudioVersion = 15.0.28307.852
MinimumVisualStudioVersion = 10.0.40219.1
Project("{E24C65DC-7377-472B-9ABA-BC803B73C61A}") = "Spices Project-1", ".", "{D79C83D7-ECDB-4D7A-A6A9-8EC021C2D1BA}"
	ProjectSection(WebsiteProperties) = preProject
		TargetFrameworkMoniker = ".NETFramework,Version%3Dv4.0"
		Debug.AspNetCompiler.VirtualPath = "/localhost_52547"
		Debug.AspNetCompiler.PhysicalPath = "..\..\..\Desktop\Spices Project-1\"
		Debug.AspNetCompiler.TargetPath = "PrecompiledWeb\localhost_52547\"
		Debug.AspNetCompiler.Updateable = "true"
		Debug.AspNetCompiler.ForceOverwrite = "true"
		Debug.AspNetCompiler.FixedNames = "false"
		Debug.AspNetCompiler.Debug = "True"
		Release.AspNetCompiler.VirtualPath = "/localhost_52547"
		Release.AspNetCompiler.PhysicalPath = "..\..\..\Desktop\Spices Project-1\"
		Release.AspNetCompiler.TargetPath = "PrecompiledWeb\localhost_52547\"
		Release.AspNetCompiler.Updateable = "true"
		Release.AspNetCompiler.ForceOverwrite = "true"
		Release.AspNetCompiler.FixedNames = "false"
		Release.AspNetCompiler.Debug = "False"
		VWDPort = "52547"
	EndProjectSection
EndProject
Global
	GlobalSection(SolutionConfigurationPlatforms) = preSolution
		Debug|Any CPU = Debug|Any CPU
	EndGlobalSection
	GlobalSection(ProjectConfigurationPlatforms) = postSolution
		{D79C83D7-ECDB-4D7A-A6A9-8EC021C2D1BA}.Debug|Any CPU.ActiveCfg = Debug|Any CPU
		{D79C83D7-ECDB-4D7A-A6A9-8EC021C2D1BA}.Debug|Any CPU.Build.0 = Debug|Any CPU
	EndGlobalSection
	GlobalSection(SolutionProperties) = preSolution
		HideSolutionNode = FALSE
	EndGlobalSection
	GlobalSection(ExtensibilityGlobals) = postSolution
		SolutionGuid = {9C0B0B64-CEAD-445E-BF52-C97F467C4A72}
	EndGlobalSection
EndGlobal
